
Microsoft Visual Studio Solution File, Format Version 12.00
# Visual Studio Version 17
VisualStudioVersion = 17.7.34031.279
MinimumVisualStudioVersion = 10.0.40219.1
Project("{9A19103F-16F7-4668-BE54-9A1E7A4F7556}") = "Mandaloriano3", "Mandaloriano3\Mandaloriano3.csproj", "{63B545D5-8BB9-4430-B661-DE572F14D921}"
EndProject
Global
	GlobalSection(SolutionConfigurationPlatforms) = preSolution
		Debug|Any CPU = Debug|Any CPU
		Release|Any CPU = Release|Any CPU
	EndGlobalSection
	GlobalSection(ProjectConfigurationPlatforms) = postSolution
		{63B545D5-8BB9-4430-B661-DE572F14D921}.Debug|Any CPU.ActiveCfg = Debug|Any CPU
		{63B545D5-8BB9-4430-B661-DE572F14D921}.Debug|Any CPU.Build.0 = Debug|Any CPU
		{63B545D5-8BB9-4430-B661-DE572F14D921}.Release|Any CPU.ActiveCfg = Release|Any CPU
		{63B545D5-8BB9-4430-B661-DE572F14D921}.Release|Any CPU.Build.0 = Release|Any CPU
	EndGlobalSection
	GlobalSection(SolutionProperties) = preSolution
		HideSolutionNode = FALSE
	EndGlobalSection
	GlobalSection(ExtensibilityGlobals) = postSolution
		SolutionGuid = {42C41299-092A-4C9B-B978-FCB5DD008357}
	EndGlobalSection
EndGlobal
