
Microsoft Visual Studio Solution File, Format Version 12.00
# Visual Studio Version 17
VisualStudioVersion = 17.7.34031.279
MinimumVisualStudioVersion = 10.0.40219.1
Project("{9A19103F-16F7-4668-BE54-9A1E7A4F7556}") = "ExamenSGEJMGG", "ExamenSGEJMGG\ExamenSGEJMGG.csproj", "{F517AF25-0D67-411A-99BB-A7E90D0BE115}"
EndProject
Project("{FAE04EC0-301F-11D3-BF4B-00C04F79EFBC}") = "BL", "BL\BL.csproj", "{C3F6D879-9D37-4045-A6BD-F2E7FBD9C3E8}"
EndProject
Global
	GlobalSection(SolutionConfigurationPlatforms) = preSolution
		Debug|Any CPU = Debug|Any CPU
		Release|Any CPU = Release|Any CPU
	EndGlobalSection
	GlobalSection(ProjectConfigurationPlatforms) = postSolution
		{F517AF25-0D67-411A-99BB-A7E90D0BE115}.Debug|Any CPU.ActiveCfg = Debug|Any CPU
		{F517AF25-0D67-411A-99BB-A7E90D0BE115}.Debug|Any CPU.Build.0 = Debug|Any CPU
		{F517AF25-0D67-411A-99BB-A7E90D0BE115}.Release|Any CPU.ActiveCfg = Release|Any CPU
		{F517AF25-0D67-411A-99BB-A7E90D0BE115}.Release|Any CPU.Build.0 = Release|Any CPU
		{C3F6D879-9D37-4045-A6BD-F2E7FBD9C3E8}.Debug|Any CPU.ActiveCfg = Debug|Any CPU
		{C3F6D879-9D37-4045-A6BD-F2E7FBD9C3E8}.Debug|Any CPU.Build.0 = Debug|Any CPU
		{C3F6D879-9D37-4045-A6BD-F2E7FBD9C3E8}.Release|Any CPU.ActiveCfg = Release|Any CPU
		{C3F6D879-9D37-4045-A6BD-F2E7FBD9C3E8}.Release|Any CPU.Build.0 = Release|Any CPU
	EndGlobalSection
	GlobalSection(SolutionProperties) = preSolution
		HideSolutionNode = FALSE
	EndGlobalSection
	GlobalSection(ExtensibilityGlobals) = postSolution
		SolutionGuid = {649AF6C4-D449-40D8-AF92-394C036407C8}
	EndGlobalSection
EndGlobal
